// !$*UTF8*$!
{
	archiveVersion = 1;
	classes = {
	};
	objectVersion = 46;
	objects = {

/* Begin PBXBuildFile section */
		8014CA8E182F1DAE00E9A632 /* Foundation.framework in Frameworks */ = {isa = PBXBuildFile; fileRef = 8014CA8D182F1DAE00E9A632 /* Foundation.framework */; };
		8014CA90182F1DAE00E9A632 /* CoreGraphics.framework in Frameworks */ = {isa = PBXBuildFile; fileRef = 8014CA8F182F1DAE00E9A632 /* CoreGraphics.framework */; };
		8014CA92182F1DAE00E9A632 /* UIKit.framework in Frameworks */ = {isa = PBXBuildFile; fileRef = 8014CA91182F1DAE00E9A632 /* UIKit.framework */; };
		8014CA98182F1DAE00E9A632 /* InfoPlist.strings in Resources */ = {isa = PBXBuildFile; fileRef = 8014CA96182F1DAE00E9A632 /* InfoPlist.strings */; };
		8014CA9A182F1DAE00E9A632 /* main.m in Sources */ = {isa = PBXBuildFile; fileRef = 8014CA99182F1DAE00E9A632 /* main.m */; };
		8014CA9E182F1DAE00E9A632 /* animarAppDelegate.m in Sources */ = {isa = PBXBuildFile; fileRef = 8014CA9D182F1DAE00E9A632 /* animarAppDelegate.m */; };
		8014CAA1182F1DAE00E9A632 /* Main.storyboard in Resources */ = {isa = PBXBuildFile; fileRef = 8014CA9F182F1DAE00E9A632 /* Main.storyboard */; };
		8014CAA4182F1DAE00E9A632 /* animarViewController.m in Sources */ = {isa = PBXBuildFile; fileRef = 8014CAA3182F1DAE00E9A632 /* animarViewController.m */; };
		8014CAA6182F1DAE00E9A632 /* Images.xcassets in Resources */ = {isa = PBXBuildFile; fileRef = 8014CAA5182F1DAE00E9A632 /* Images.xcassets */; };
		8014CAAD182F1DAE00E9A632 /* XCTest.framework in Frameworks */ = {isa = PBXBuildFile; fileRef = 8014CAAC182F1DAE00E9A632 /* XCTest.framework */; };
		8014CAAE182F1DAE00E9A632 /* Foundation.framework in Frameworks */ = {isa = PBXBuildFile; fileRef = 8014CA8D182F1DAE00E9A632 /* Foundation.framework */; };
		8014CAAF182F1DAE00E9A632 /* UIKit.framework in Frameworks */ = {isa = PBXBuildFile; fileRef = 8014CA91182F1DAE00E9A632 /* UIKit.framework */; };
		8014CAB7182F1DAE00E9A632 /* InfoPlist.strings in Resources */ = {isa = PBXBuildFile; fileRef = 8014CAB5182F1DAE00E9A632 /* InfoPlist.strings */; };
		8014CAB9182F1DAE00E9A632 /* AnimacionTests.m in Sources */ = {isa = PBXBuildFile; fileRef = 8014CAB8182F1DAE00E9A632 /* AnimacionTests.m */; };
/* End PBXBuildFile section */

/* Begin PBXContainerItemProxy section */
		8014CAB0182F1DAE00E9A632 /* PBXContainerItemProxy */ = {
			isa = PBXContainerItemProxy;
			containerPortal = 8014CA82182F1DAE00E9A632 /* Project object */;
			proxyType = 1;
			remoteGlobalIDString = 8014CA89182F1DAE00E9A632;
			remoteInfo = Animacion;
		};
/* End PBXContainerItemProxy section */

/* Begin PBXFileReference section */
		8014CA8A182F1DAE00E9A632 /* Animacion.app */ = {isa = PBXFileReference; explicitFileType = wrapper.application; includeInIndex = 0; path = Animacion.app; sourceTree = BUILT_PRODUCTS_DIR; };
		8014CA8D182F1DAE00E9A632 /* Foundation.framework */ = {isa = PBXFileReference; lastKnownFileType = wrapper.framework; name = Foundation.framework; path = System/Library/Frameworks/Foundation.framework; sourceTree = SDKROOT; };
		8014CA8F182F1DAE00E9A632 /* CoreGraphics.framework */ = {isa = PBXFileReference; lastKnownFileType = wrapper.framework; name = CoreGraphics.framework; path = System/Library/Frameworks/CoreGraphics.framework; sourceTree = SDKROOT; };
		8014CA91182F1DAE00E9A632 /* UIKit.framework */ = {isa = PBXFileReference; lastKnownFileType = wrapper.framework; name = UIKit.framework; path = System/Library/Frameworks/UIKit.framework; sourceTree = SDKROOT; };
		8014CA95182F1DAE00E9A632 /* Animacion-Info.plist */ = {isa = PBXFileReference; lastKnownFileType = text.plist.xml; path = "Animacion-Info.plist"; sourceTree = "<group>"; };
		8014CA97182F1DAE00E9A632 /* en */ = {isa = PBXFileReference; lastKnownFileType = text.plist.strings; name = en; path = en.lproj/InfoPlist.strings; sourceTree = "<group>"; };
		8014CA99182F1DAE00E9A632 /* main.m */ = {isa = PBXFileReference; lastKnownFileType = sourcecode.c.objc; path = main.m; sourceTree = "<group>"; };
		8014CA9B182F1DAE00E9A632 /* Animacion-Prefix.pch */ = {isa = PBXFileReference; lastKnownFileType = sourcecode.c.h; path = "Animacion-Prefix.pch"; sourceTree = "<group>"; };
		8014CA9C182F1DAE00E9A632 /* animarAppDelegate.h */ = {isa = PBXFileReference; lastKnownFileType = sourcecode.c.h; path = animarAppDelegate.h; sourceTree = "<group>"; };
		8014CA9D182F1DAE00E9A632 /* animarAppDelegate.m */ = {isa = PBXFileReference; lastKnownFileType = sourcecode.c.objc; path = animarAppDelegate.m; sourceTree = "<group>"; };
		8014CAA0182F1DAE00E9A632 /* Base */ = {isa = PBXFileReference; lastKnownFileType = file.storyboard; name = Base; path = Base.lproj/Main.storyboard; sourceTree = "<group>"; };
		8014CAA2182F1DAE00E9A632 /* animarViewController.h */ = {isa = PBXFileReference; lastKnownFileType = sourcecode.c.h; path = animarViewController.h; sourceTree = "<group>"; };
		8014CAA3182F1DAE00E9A632 /* animarViewController.m */ = {isa = PBXFileReference; lastKnownFileType = sourcecode.c.objc; path = animarViewController.m; sourceTree = "<group>"; };
		8014CAA5182F1DAE00E9A632 /* Images.xcassets */ = {isa = PBXFileReference; lastKnownFileType = folder.assetcatalog; path = Images.xcassets; sourceTree = "<group>"; };
		8014CAAB182F1DAE00E9A632 /* AnimacionTests.xctest */ = {isa = PBXFileReference; explicitFileType = wrapper.cfbundle; includeInIndex = 0; path = AnimacionTests.xctest; sourceTree = BUILT_PRODUCTS_DIR; };
		8014CAAC182F1DAE00E9A632 /* XCTest.framework */ = {isa = PBXFileReference; lastKnownFileType = wrapper.framework; name = XCTest.framework; path = Library/Frameworks/XCTest.framework; sourceTree = DEVELOPER_DIR; };
		8014CAB4182F1DAE00E9A632 /* AnimacionTests-Info.plist */ = {isa = PBXFileReference; lastKnownFileType = text.plist.xml; path = "AnimacionTests-Info.plist"; sourceTree = "<group>"; };
		8014CAB6182F1DAE00E9A632 /* en */ = {isa = PBXFileReference; lastKnownFileType = text.plist.strings; name = en; path = en.lproj/InfoPlist.strings; sourceTree = "<group>"; };
		8014CAB8182F1DAE00E9A632 /* AnimacionTests.m */ = {isa = PBXFileReference; lastKnownFileType = sourcecode.c.objc; path = AnimacionTests.m; sourceTree = "<group>"; };
/* End PBXFileReference section */

/* Begin PBXFrameworksBuildPhase section */
		8014CA87182F1DAE00E9A632 /* Frameworks */ = {
			isa = PBXFrameworksBuildPhase;
			buildActionMask = 2147483647;
			files = (
				8014CA90182F1DAE00E9A632 /* CoreGraphics.framework in Frameworks */,
				8014CA92182F1DAE00E9A632 /* UIKit.framework in Frameworks */,
				8014CA8E182F1DAE00E9A632 /* Foundation.framework in Frameworks */,
			);
			runOnlyForDeploymentPostprocessing = 0;
		};
		8014CAA8182F1DAE00E9A632 /* Frameworks */ = {
			isa = PBXFrameworksBuildPhase;
			buildActionMask = 2147483647;
			files = (
				8014CAAD182F1DAE00E9A632 /* XCTest.framework in Frameworks */,
				8014CAAF182F1DAE00E9A632 /* UIKit.framework in Frameworks */,
				8014CAAE182F1DAE00E9A632 /* Foundation.framework in Frameworks */,
			);
			runOnlyForDeploymentPostprocessing = 0;
		};
/* End PBXFrameworksBuildPhase section */

/* Begin PBXGroup section */
		8014CA81182F1DAE00E9A632 = {
			isa = PBXGroup;
			children = (
				8014CA93182F1DAE00E9A632 /* Animacion */,
				8014CAB2182F1DAE00E9A632 /* AnimacionTests */,
				8014CA8C182F1DAE00E9A632 /* Frameworks */,
				8014CA8B182F1DAE00E9A632 /* Products */,
			);
			sourceTree = "<group>";
		};
		8014CA8B182F1DAE00E9A632 /* Products */ = {
			isa = PBXGroup;
			children = (
				8014CA8A182F1DAE00E9A632 /* Animacion.app */,
				8014CAAB182F1DAE00E9A632 /* AnimacionTests.xctest */,
			);
			name = Products;
			sourceTree = "<group>";
		};
		8014CA8C182F1DAE00E9A632 /* Frameworks */ = {
			isa = PBXGroup;
			children = (
				8014CA8D182F1DAE00E9A632 /* Foundation.framework */,
				8014CA8F182F1DAE00E9A632 /* CoreGraphics.framework */,
				8014CA91182F1DAE00E9A632 /* UIKit.framework */,
				8014CAAC182F1DAE00E9A632 /* XCTest.framework */,
			);
			name = Frameworks;
			sourceTree = "<group>";
		};
		8014CA93182F1DAE00E9A632 /* Animacion */ = {
			isa = PBXGroup;
			children = (
				8014CA9C182F1DAE00E9A632 /* animarAppDelegate.h */,
				8014CA9D182F1DAE00E9A632 /* animarAppDelegate.m */,
				8014CA9F182F1DAE00E9A632 /* Main.storyboard */,
				8014CAA2182F1DAE00E9A632 /* animarViewController.h */,
				8014CAA3182F1DAE00E9A632 /* animarViewController.m */,
				8014CAA5182F1DAE00E9A632 /* Images.xcassets */,
				8014CA94182F1DAE00E9A632 /* Supporting Files */,
			);
			path = Animacion;
			sourceTree = "<group>";
		};
		8014CA94182F1DAE00E9A632 /* Supporting Files */ = {
			isa = PBXGroup;
			children = (
				8014CA95182F1DAE00E9A632 /* Animacion-Info.plist */,
				8014CA96182F1DAE00E9A632 /* InfoPlist.strings */,
				8014CA99182F1DAE00E9A632 /* main.m */,
				8014CA9B182F1DAE00E9A632 /* Animacion-Prefix.pch */,
			);
			name = "Supporting Files";
			sourceTree = "<group>";
		};
		8014CAB2182F1DAE00E9A632 /* AnimacionTests */ = {
			isa = PBXGroup;
			children = (
				8014CAB8182F1DAE00E9A632 /* AnimacionTests.m */,
				8014CAB3182F1DAE00E9A632 /* Supporting Files */,
			);
			path = AnimacionTests;
			sourceTree = "<group>";
		};
		8014CAB3182F1DAE00E9A632 /* Supporting Files */ = {
			isa = PBXGroup;
			children = (
				8014CAB4182F1DAE00E9A632 /* AnimacionTests-Info.plist */,
				8014CAB5182F1DAE00E9A632 /* InfoPlist.strings */,
			);
			name = "Supporting Files";
			sourceTree = "<group>";
		};
/* End PBXGroup section */

/* Begin PBXNativeTarget section */
		8014CA89182F1DAE00E9A632 /* Animacion */ = {
			isa = PBXNativeTarget;
			buildConfigurationList = 8014CABC182F1DAE00E9A632 /* Build configuration list for PBXNativeTarget "Animacion" */;
			buildPhases = (
				8014CA86182F1DAE00E9A632 /* Sources */,
				8014CA87182F1DAE00E9A632 /* Frameworks */,
				8014CA88182F1DAE00E9A632 /* Resources */,
			);
			buildRules = (
			);
			dependencies = (
			);
			name = Animacion;
			productName = Animacion;
			productReference = 8014CA8A182F1DAE00E9A632 /* Animacion.app */;
			productType = "com.apple.product-type.application";
		};
		8014CAAA182F1DAE00E9A632 /* AnimacionTests */ = {
			isa = PBXNativeTarget;
			buildConfigurationList = 8014CABF182F1DAE00E9A632 /* Build configuration list for PBXNativeTarget "AnimacionTests" */;
			buildPhases = (
				8014CAA7182F1DAE00E9A632 /* Sources */,
				8014CAA8182F1DAE00E9A632 /* Frameworks */,
				8014CAA9182F1DAE00E9A632 /* Resources */,
			);
			buildRules = (
			);
			dependencies = (
				8014CAB1182F1DAE00E9A632 /* PBXTargetDependency */,
			);
			name = AnimacionTests;
			productName = AnimacionTests;
			productReference = 8014CAAB182F1DAE00E9A632 /* AnimacionTests.xctest */;
			productType = "com.apple.product-type.bundle.unit-test";
		};
/* End PBXNativeTarget section */

/* Begin PBXProject section */
		8014CA82182F1DAE00E9A632 /* Project object */ = {
			isa = PBXProject;
			attributes = {
				CLASSPREFIX = animar;
				LastUpgradeCheck = 0500;
				ORGANIZATIONNAME = "Andres Duran";
				TargetAttributes = {
					8014CAAA182F1DAE00E9A632 = {
						TestTargetID = 8014CA89182F1DAE00E9A632;
					};
				};
			};
			buildConfigurationList = 8014CA85182F1DAE00E9A632 /* Build configuration list for PBXProject "Animacion" */;
			compatibilityVersion = "Xcode 3.2";
			developmentRegion = English;
			hasScannedForEncodings = 0;
			knownRegions = (
				en,
				Base,
			);
			mainGroup = 8014CA81182F1DAE00E9A632;
			productRefGroup = 8014CA8B182F1DAE00E9A632 /* Products */;
			projectDirPath = "";
			projectRoot = "";
			targets = (
				8014CA89182F1DAE00E9A632 /* Animacion */,
				8014CAAA182F1DAE00E9A632 /* AnimacionTests */,
			);
		};
/* End PBXProject section */

/* Begin PBXResourcesBuildPhase section */
		8014CA88182F1DAE00E9A632 /* Resources */ = {
			isa = PBXResourcesBuildPhase;
			buildActionMask = 2147483647;
			files = (
				8014CAA6182F1DAE00E9A632 /* Images.xcassets in Resources */,
				8014CA98182F1DAE00E9A632 /* InfoPlist.strings in Resources */,
				8014CAA1182F1DAE00E9A632 /* Main.storyboard in Resources */,
			);
			runOnlyForDeploymentPostprocessing = 0;
		};
		8014CAA9182F1DAE00E9A632 /* Resources */ = {
			isa = PBXResourcesBuildPhase;
			buildActionMask = 2147483647;
			files = (
				8014CAB7182F1DAE00E9A632 /* InfoPlist.strings in Resources */,
			);
			runOnlyForDeploymentPostprocessing = 0;
		};
/* End PBXResourcesBuildPhase section */

/* Begin PBXSourcesBuildPhase section */
		8014CA86182F1DAE00E9A632 /* Sources */ = {
			isa = PBXSourcesBuildPhase;
			buildActionMask = 2147483647;
			files = (
				8014CA9E182F1DAE00E9A632 /* animarAppDelegate.m in Sources */,
				8014CAA4182F1DAE00E9A632 /* animarViewController.m in Sources */,
				8014CA9A182F1DAE00E9A632 /* main.m in Sources */,
			);
			runOnlyForDeploymentPostprocessing = 0;
		};
		8014CAA7182F1DAE00E9A632 /* Sources */ = {
			isa = PBXSourcesBuildPhase;
			buildActionMask = 2147483647;
			files = (
				8014CAB9182F1DAE00E9A632 /* AnimacionTests.m in Sources */,
			);
			runOnlyForDeploymentPostprocessing = 0;
		};
/* End PBXSourcesBuildPhase section */

/* Begin PBXTargetDependency section */
		8014CAB1182F1DAE00E9A632 /* PBXTargetDependency */ = {
			isa = PBXTargetDependency;
			target = 8014CA89182F1DAE00E9A632 /* Animacion */;
			targetProxy = 8014CAB0182F1DAE00E9A632 /* PBXContainerItemProxy */;
		};
/* End PBXTargetDependency section */

/* Begin PBXVariantGroup section */
		8014CA96182F1DAE00E9A632 /* InfoPlist.strings */ = {
			isa = PBXVariantGroup;
			children = (
				8014CA97182F1DAE00E9A632 /* en */,
			);
			name = InfoPlist.strings;
			sourceTree = "<group>";
		};
		8014CA9F182F1DAE00E9A632 /* Main.storyboard */ = {
			isa = PBXVariantGroup;
			children = (
				8014CAA0182F1DAE00E9A632 /* Base */,
			);
			name = Main.storyboard;
			sourceTree = "<group>";
		};
		8014CAB5182F1DAE00E9A632 /* InfoPlist.strings */ = {
			isa = PBXVariantGroup;
			children = (
				8014CAB6182F1DAE00E9A632 /* en */,
			);
			name = InfoPlist.strings;
			sourceTree = "<group>";
		};
/* End PBXVariantGroup section */

/* Begin XCBuildConfiguration section */
		8014CABA182F1DAE00E9A632 /* Debug */ = {
			isa = XCBuildConfiguration;
			buildSettings = {
				ALWAYS_SEARCH_USER_PATHS = NO;
				ARCHS = "$(ARCHS_STANDARD_INCLUDING_64_BIT)";
				CLANG_CXX_LANGUAGE_STANDARD = "gnu++0x";
				CLANG_CXX_LIBRARY = "libc++";
				CLANG_ENABLE_MODULES = YES;
				CLANG_ENABLE_OBJC_ARC = YES;
				CLANG_WARN_BOOL_CONVERSION = YES;
				CLANG_WARN_CONSTANT_CONVERSION = YES;
				CLANG_WARN_DIRECT_OBJC_ISA_USAGE = YES_ERROR;
				CLANG_WARN_EMPTY_BODY = YES;
				CLANG_WARN_ENUM_CONVERSION = YES;
				CLANG_WARN_INT_CONVERSION = YES;
				CLANG_WARN_OBJC_ROOT_CLASS = YES_ERROR;
				CLANG_WARN__DUPLICATE_METHOD_MATCH = YES;
				"CODE_SIGN_IDENTITY[sdk=iphoneos*]" = "iPhone Developer";
				COPY_PHASE_STRIP = NO;
				GCC_C_LANGUAGE_STANDARD = gnu99;
				GCC_DYNAMIC_NO_PIC = NO;
				GCC_OPTIMIZATION_LEVEL = 0;
				GCC_PREPROCESSOR_DEFINITIONS = (
					"DEBUG=1",
					"$(inherited)",
				);
				GCC_SYMBOLS_PRIVATE_EXTERN = NO;
				GCC_WARN_64_TO_32_BIT_CONVERSION = YES;
				GCC_WARN_ABOUT_RETURN_TYPE = YES_ERROR;
				GCC_WARN_UNDECLARED_SELECTOR = YES;
				GCC_WARN_UNINITIALIZED_AUTOS = YES;
				GCC_WARN_UNUSED_FUNCTION = YES;
				GCC_WARN_UNUSED_VARIABLE = YES;
				IPHONEOS_DEPLOYMENT_TARGET = 7.0;
				ONLY_ACTIVE_ARCH = YES;
				SDKROOT = iphoneos;
			};
			name = Debug;
		};
		8014CABB182F1DAE00E9A632 /* Release */ = {
			isa = XCBuildConfiguration;
			buildSettings = {
				ALWAYS_SEARCH_USER_PATHS = NO;
				ARCHS = "$(ARCHS_STANDARD_INCLUDING_64_BIT)";
				CLANG_CXX_LANGUAGE_STANDARD = "gnu++0x";
				CLANG_CXX_LIBRARY = "libc++";
				CLANG_ENABLE_MODULES = YES;
				CLANG_ENABLE_OBJC_ARC = YES;
				CLANG_WARN_BOOL_CONVERSION = YES;
				CLANG_WARN_CONSTANT_CONVERSION = YES;
				CLANG_WARN_DIRECT_OBJC_ISA_USAGE = YES_ERROR;
				CLANG_WARN_EMPTY_BODY = YES;
				CLANG_WARN_ENUM_CONVERSION = YES;
				CLANG_WARN_INT_CONVERSION = YES;
				CLANG_WARN_OBJC_ROOT_CLASS = YES_ERROR;
				CLANG_WARN__DUPLICATE_METHOD_MATCH = YES;
				"CODE_SIGN_IDENTITY[sdk=iphoneos*]" = "iPhone Developer";
				COPY_PHASE_STRIP = YES;
				ENABLE_NS_ASSERTIONS = NO;
				GCC_C_LANGUAGE_STANDARD = gnu99;
				GCC_WARN_64_TO_32_BIT_CONVERSION = YES;
				GCC_WARN_ABOUT_RETURN_TYPE = YES_ERROR;
				GCC_WARN_UNDECLARED_SELECTOR = YES;
				GCC_WARN_UNINITIALIZED_AUTOS = YES;
				GCC_WARN_UNUSED_FUNCTION = YES;
				GCC_WARN_UNUSED_VARIABLE = YES;
				IPHONEOS_DEPLOYMENT_TARGET = 7.0;
				SDKROOT = iphoneos;
				VALIDATE_PRODUCT = YES;
			};
			name = Release;
		};
		8014CABD182F1DAE00E9A632 /* Debug */ = {
			isa = XCBuildConfiguration;
			buildSettings = {
				ASSETCATALOG_COMPILER_APPICON_NAME = AppIcon;
				ASSETCATALOG_COMPILER_LAUNCHIMAGE_NAME = LaunchImage;
				GCC_PRECOMPILE_PREFIX_HEADER = YES;
				GCC_PREFIX_HEADER = "Animacion/Animacion-Prefix.pch";
				INFOPLIST_FILE = "Animacion/Animacion-Info.plist";
				PRODUCT_NAME = "$(TARGET_NAME)";
				WRAPPER_EXTENSION = app;
			};
			name = Debug;
		};
		8014CABE182F1DAE00E9A632 /* Release */ = {
			isa = XCBuildConfiguration;
			buildSettings = {
				ASSETCATALOG_COMPILER_APPICON_NAME = AppIcon;
				ASSETCATALOG_COMPILER_LAUNCHIMAGE_NAME = LaunchImage;
				GCC_PRECOMPILE_PREFIX_HEADER = YES;
				GCC_PREFIX_HEADER = "Animacion/Animacion-Prefix.pch";
				INFOPLIST_FILE = "Animacion/Animacion-Info.plist";
				PRODUCT_NAME = "$(TARGET_NAME)";
				WRAPPER_EXTENSION = app;
			};
			name = Release;
		};
		8014CAC0182F1DAE00E9A632 /* Debug */ = {
			isa = XCBuildConfiguration;
			buildSettings = {
				ARCHS = "$(ARCHS_STANDARD_INCLUDING_64_BIT)";
				BUNDLE_LOADER = "$(BUILT_PRODUCTS_DIR)/Animacion.app/Animacion";
				FRAMEWORK_SEARCH_PATHS = (
					"$(SDKROOT)/Developer/Library/Frameworks",
					"$(inherited)",
					"$(DEVELOPER_FRAMEWORKS_DIR)",
				);
				GCC_PRECOMPILE_PREFIX_HEADER = YES;
				GCC_PREFIX_HEADER = "Animacion/Animacion-Prefix.pch";
				GCC_PREPROCESSOR_DEFINITIONS = (
					"DEBUG=1",
					"$(inherited)",
				);
				INFOPLIST_FILE = "AnimacionTests/AnimacionTests-Info.plist";
				PRODUCT_NAME = "$(TARGET_NAME)";
				TEST_HOST = "$(BUNDLE_LOADER)";
				WRAPPER_EXTENSION = xctest;
			};
			name = Debug;
		};
		8014CAC1182F1DAE00E9A632 /* Release */ = {
			isa = XCBuildConfiguration;
			buildSettings = {
				ARCHS = "$(ARCHS_STANDARD_INCLUDING_64_BIT)";
				BUNDLE_LOADER = "$(BUILT_PRODUCTS_DIR)/Animacion.app/Animacion";
				FRAMEWORK_SEARCH_PATHS = (
					"$(SDKROOT)/Developer/Library/Frameworks",
					"$(inherited)",
					"$(DEVELOPER_FRAMEWORKS_DIR)",
				);
				GCC_PRECOMPILE_PREFIX_HEADER = YES;
				GCC_PREFIX_HEADER = "Animacion/Animacion-Prefix.pch";
				INFOPLIST_FILE = "AnimacionTests/AnimacionTests-Info.plist";
				PRODUCT_NAME = "$(TARGET_NAME)";
				TEST_HOST = "$(BUNDLE_LOADER)";
				WRAPPER_EXTENSION = xctest;
			};
			name = Release;
		};
/* End XCBuildConfiguration section */

/* Begin XCConfigurationList section */
		8014CA85182F1DAE00E9A632 /* Build configuration list for PBXProject "Animacion" */ = {
			isa = XCConfigurationList;
			buildConfigurations = (
				8014CABA182F1DAE00E9A632 /* Debug */,
				8014CABB182F1DAE00E9A632 /* Release */,
			);
			defaultConfigurationIsVisible = 0;
			defaultConfigurationName = Release;
		};
		8014CABC182F1DAE00E9A632 /* Build configuration list for PBXNativeTarget "Animacion" */ = {
			isa = XCConfigurationList;
			buildConfigurations = (
				8014CABD182F1DAE00E9A632 /* Debug */,
				8014CABE182F1DAE00E9A632 /* Release */,
			);
			defaultConfigurationIsVisible = 0;
		};
		8014CABF182F1DAE00E9A632 /* Build configuration list for PBXNativeTarget "AnimacionTests" */ = {
			isa = XCConfigurationList;
			buildConfigurations = (
				8014CAC0182F1DAE00E9A632 /* Debug */,
				8014CAC1182F1DAE00E9A632 /* Release */,
			);
			defaultConfigurationIsVisible = 0;
		};
/* End XCConfigurationList section */
	};
	rootObject = 8014CA82182F1DAE00E9A632 /* Project object */;
}
